
Microsoft Visual Studio Solution File, Format Version 12.00
# Visual Studio Version 17
VisualStudioVersion = 17.11.35303.130
MinimumVisualStudioVersion = 10.0.40219.1
Project("{FAE04EC0-301F-11D3-BF4B-00C04F79EFBC}") = "textfile", "textfile.csproj", "{6478EF39-FAD0-4D8B-A107-A5054DD30A0C}"
EndProject
Global
	GlobalSection(SolutionConfigurationPlatforms) = preSolution
		Debug|Any CPU = Debug|Any CPU
		Release|Any CPU = Release|Any CPU
	EndGlobalSection
	GlobalSection(ProjectConfigurationPlatforms) = postSolution
		{6478EF39-FAD0-4D8B-A107-A5054DD30A0C}.Debug|Any CPU.ActiveCfg = Debug|Any CPU
		{6478EF39-FAD0-4D8B-A107-A5054DD30A0C}.Debug|Any CPU.Build.0 = Debug|Any CPU
		{6478EF39-FAD0-4D8B-A107-A5054DD30A0C}.Release|Any CPU.ActiveCfg = Release|Any CPU
		{6478EF39-FAD0-4D8B-A107-A5054DD30A0C}.Release|Any CPU.Build.0 = Release|Any CPU
	EndGlobalSection
	GlobalSection(SolutionProperties) = preSolution
		HideSolutionNode = FALSE
	EndGlobalSection
	GlobalSection(ExtensibilityGlobals) = postSolution
		SolutionGuid = {123905B1-E2B3-4476-A790-B896B3E468BF}
	EndGlobalSection
EndGlobal
